
Microsoft Visual Studio Solution File, Format Version 12.00
# Visual Studio Version 17
VisualStudioVersion = 17.7.34003.232
MinimumVisualStudioVersion = 10.0.40219.1
Project("{9A19103F-16F7-4668-BE54-9A1E7A4F7556}") = "Api", "Api\Api.csproj", "{492C15BE-B1C7-4EC2-AB17-C0767F626CDF}"
EndProject
Project("{2150E333-8FDC-42A3-9474-1A3956D46DE8}") = "Application", "Application", "{7E8727E5-37F8-491B-A9A1-80FF41E13F26}"
EndProject
Project("{2150E333-8FDC-42A3-9474-1A3956D46DE8}") = "Presentation", "Presentation", "{7D9D11D3-92AB-4BFD-8601-F7462383AEEA}"
EndProject
Project("{2150E333-8FDC-42A3-9474-1A3956D46DE8}") = "Infrastructure", "Infrastructure", "{36DF6CE8-11C3-4019-8DE4-3AB086588C17}"
EndProject
Project("{2150E333-8FDC-42A3-9474-1A3956D46DE8}") = "Domain", "Domain", "{BA643BB8-5C96-4B21-AC13-E7FFA52ED26E}"
EndProject
Project("{FAE04EC0-301F-11D3-BF4B-00C04F79EFBC}") = "Domain", "Domain\Domain.csproj", "{3CD4BA34-5B7B-4520-99E9-8F7442469921}"
EndProject
Project("{FAE04EC0-301F-11D3-BF4B-00C04F79EFBC}") = "Persistence", "Persistence\Persistence.csproj", "{97537EEF-B3B8-45F6-B3C8-F074603CE10A}"
EndProject
Project("{2150E333-8FDC-42A3-9474-1A3956D46DE8}") = "Core", "Core", "{3229BE32-0705-464B-912C-60457A562C85}"
EndProject
Project("{FAE04EC0-301F-11D3-BF4B-00C04F79EFBC}") = "Application", "Application\Application.csproj", "{A1DC8E77-FA81-443F-AD06-7C4CC17F3892}"
EndProject
Global
	GlobalSection(SolutionConfigurationPlatforms) = preSolution
		Debug|Any CPU = Debug|Any CPU
		Release|Any CPU = Release|Any CPU
	EndGlobalSection
	GlobalSection(ProjectConfigurationPlatforms) = postSolution
		{492C15BE-B1C7-4EC2-AB17-C0767F626CDF}.Debug|Any CPU.ActiveCfg = Debug|Any CPU
		{492C15BE-B1C7-4EC2-AB17-C0767F626CDF}.Debug|Any CPU.Build.0 = Debug|Any CPU
		{492C15BE-B1C7-4EC2-AB17-C0767F626CDF}.Release|Any CPU.ActiveCfg = Release|Any CPU
		{492C15BE-B1C7-4EC2-AB17-C0767F626CDF}.Release|Any CPU.Build.0 = Release|Any CPU
		{3CD4BA34-5B7B-4520-99E9-8F7442469921}.Debug|Any CPU.ActiveCfg = Debug|Any CPU
		{3CD4BA34-5B7B-4520-99E9-8F7442469921}.Debug|Any CPU.Build.0 = Debug|Any CPU
		{3CD4BA34-5B7B-4520-99E9-8F7442469921}.Release|Any CPU.ActiveCfg = Release|Any CPU
		{3CD4BA34-5B7B-4520-99E9-8F7442469921}.Release|Any CPU.Build.0 = Release|Any CPU
		{97537EEF-B3B8-45F6-B3C8-F074603CE10A}.Debug|Any CPU.ActiveCfg = Debug|Any CPU
		{97537EEF-B3B8-45F6-B3C8-F074603CE10A}.Debug|Any CPU.Build.0 = Debug|Any CPU
		{97537EEF-B3B8-45F6-B3C8-F074603CE10A}.Release|Any CPU.ActiveCfg = Release|Any CPU
		{97537EEF-B3B8-45F6-B3C8-F074603CE10A}.Release|Any CPU.Build.0 = Release|Any CPU
		{A1DC8E77-FA81-443F-AD06-7C4CC17F3892}.Debug|Any CPU.ActiveCfg = Debug|Any CPU
		{A1DC8E77-FA81-443F-AD06-7C4CC17F3892}.Debug|Any CPU.Build.0 = Debug|Any CPU
		{A1DC8E77-FA81-443F-AD06-7C4CC17F3892}.Release|Any CPU.ActiveCfg = Release|Any CPU
		{A1DC8E77-FA81-443F-AD06-7C4CC17F3892}.Release|Any CPU.Build.0 = Release|Any CPU
	EndGlobalSection
	GlobalSection(SolutionProperties) = preSolution
		HideSolutionNode = FALSE
	EndGlobalSection
	GlobalSection(NestedProjects) = preSolution
		{492C15BE-B1C7-4EC2-AB17-C0767F626CDF} = {7D9D11D3-92AB-4BFD-8601-F7462383AEEA}
		{7E8727E5-37F8-491B-A9A1-80FF41E13F26} = {3229BE32-0705-464B-912C-60457A562C85}
		{BA643BB8-5C96-4B21-AC13-E7FFA52ED26E} = {3229BE32-0705-464B-912C-60457A562C85}
		{3CD4BA34-5B7B-4520-99E9-8F7442469921} = {BA643BB8-5C96-4B21-AC13-E7FFA52ED26E}
		{97537EEF-B3B8-45F6-B3C8-F074603CE10A} = {36DF6CE8-11C3-4019-8DE4-3AB086588C17}
		{A1DC8E77-FA81-443F-AD06-7C4CC17F3892} = {7E8727E5-37F8-491B-A9A1-80FF41E13F26}
	EndGlobalSection
	GlobalSection(ExtensibilityGlobals) = postSolution
		SolutionGuid = {5CB62CC6-0307-4BEA-8BB3-5550CFC9A0D4}
	EndGlobalSection
EndGlobal
